PODS:
  - FlutterMacOS (1.0.0)
  - light_compressor (1.0.0):
    - FlutterMacOS

DEPENDENCIES:
  - FlutterMacOS (from `Flutter/ephemeral`)
  - light_compressor (from `Flutter/ephemeral/.symlinks/plugins/light_compressor/macos`)

EXTERNAL SOURCES:
  FlutterMacOS:
    :path: Flutter/ephemeral
  light_compressor:
    :path: Flutter/ephemeral/.symlinks/plugins/light_compressor/macos

SPEC CHECKSUMS:
  FlutterMacOS: 8f6f14fa908a6fb3fba0cd85dbd81ec4b251fb24
  light_compressor: 797ab8291fc3bb29592360508ecd4858d7a82358

PODFILE CHECKSUM: 353c8bcc5d5b0994e508d035b5431cfe18c1dea7

COCOAPODS: 1.11.3
